
Microsoft Visual Studio Solution File, Format Version 12.00
# Visual Studio Version 17
VisualStudioVersion = 17.3.32929.385
MinimumVisualStudioVersion = 10.0.40219.1
Project("{FAE04EC0-301F-11D3-BF4B-00C04F79EFBC}") = "InvoiceGenerator", "InvoiceGenerator.csproj", "{DBD45106-0D27-4463-B0C7-357E306C650C}"
EndProject
Global
	GlobalSection(SolutionConfigurationPlatforms) = preSolution
		Debug|Any CPU = Debug|Any CPU
		Release|Any CPU = Release|Any CPU
	EndGlobalSection
	GlobalSection(ProjectConfigurationPlatforms) = postSolution
		{DBD45106-0D27-4463-B0C7-357E306C650C}.Debug|Any CPU.ActiveCfg = Debug|Any CPU
		{DBD45106-0D27-4463-B0C7-357E306C650C}.Debug|Any CPU.Build.0 = Debug|Any CPU
		{DBD45106-0D27-4463-B0C7-357E306C650C}.Release|Any CPU.ActiveCfg = Release|Any CPU
		{DBD45106-0D27-4463-B0C7-357E306C650C}.Release|Any CPU.Build.0 = Release|Any CPU
	EndGlobalSection
	GlobalSection(SolutionProperties) = preSolution
		HideSolutionNode = FALSE
	EndGlobalSection
	GlobalSection(ExtensibilityGlobals) = postSolution
		SolutionGuid = {4C3BEF1D-071B-4107-BC1D-BD53C02D7612}
	EndGlobalSection
EndGlobal
